
Microsoft Visual Studio Solution File, Format Version 12.00
# Visual Studio Version 17
VisualStudioVersion = 17.12.35527.113 d17.12
MinimumVisualStudioVersion = 10.0.40219.1
Project("{2150E333-8FDC-42A3-9474-1A3956D46DE8}") = "Services", "Services", "{53BDD4E3-8E11-44AC-810B-E6A219898E27}"
EndProject
Project("{2150E333-8FDC-42A3-9474-1A3956D46DE8}") = "Catalog", "Catalog", "{0B4DFD7C-4740-48B1-B46E-163BB1E6B8F3}"
EndProject
Project("{FAE04EC0-301F-11D3-BF4B-00C04F79EFBC}") = "Catalog.API", "src\Services\Catalog\Catalog.API\Catalog.API.csproj", "{AA3F737C-79DC-4312-8FD6-7A2DF8E75080}"
EndProject
Global
	GlobalSection(SolutionConfigurationPlatforms) = preSolution
		Debug|Any CPU = Debug|Any CPU
		Release|Any CPU = Release|Any CPU
	EndGlobalSection
	GlobalSection(ProjectConfigurationPlatforms) = postSolution
		{AA3F737C-79DC-4312-8FD6-7A2DF8E75080}.Debug|Any CPU.ActiveCfg = Debug|Any CPU
		{AA3F737C-79DC-4312-8FD6-7A2DF8E75080}.Debug|Any CPU.Build.0 = Debug|Any CPU
		{AA3F737C-79DC-4312-8FD6-7A2DF8E75080}.Release|Any CPU.ActiveCfg = Release|Any CPU
		{AA3F737C-79DC-4312-8FD6-7A2DF8E75080}.Release|Any CPU.Build.0 = Release|Any CPU
	EndGlobalSection
	GlobalSection(SolutionProperties) = preSolution
		HideSolutionNode = FALSE
	EndGlobalSection
	GlobalSection(NestedProjects) = preSolution
		{0B4DFD7C-4740-48B1-B46E-163BB1E6B8F3} = {53BDD4E3-8E11-44AC-810B-E6A219898E27}
		{AA3F737C-79DC-4312-8FD6-7A2DF8E75080} = {0B4DFD7C-4740-48B1-B46E-163BB1E6B8F3}
	EndGlobalSection
EndGlobal
